
Microsoft Visual Studio Solution File, Format Version 12.00
# Visual Studio Version 16
VisualStudioVersion = 16.0.31313.79
MinimumVisualStudioVersion = 10.0.40219.1
Project("{FAE04EC0-301F-11D3-BF4B-00C04F79EFBC}") = "UserMaintenance", "UserMaintenance\UserMaintenance.csproj", "{35BD474D-8184-4C1B-AE0F-D01B9F3DB8D9}"
EndProject
Global
	GlobalSection(SolutionConfigurationPlatforms) = preSolution
		Debug|Any CPU = Debug|Any CPU
		Release|Any CPU = Release|Any CPU
	EndGlobalSection
	GlobalSection(ProjectConfigurationPlatforms) = postSolution
		{35BD474D-8184-4C1B-AE0F-D01B9F3DB8D9}.Debug|Any CPU.ActiveCfg = Debug|Any CPU
		{35BD474D-8184-4C1B-AE0F-D01B9F3DB8D9}.Debug|Any CPU.Build.0 = Debug|Any CPU
		{35BD474D-8184-4C1B-AE0F-D01B9F3DB8D9}.Release|Any CPU.ActiveCfg = Release|Any CPU
		{35BD474D-8184-4C1B-AE0F-D01B9F3DB8D9}.Release|Any CPU.Build.0 = Release|Any CPU
	EndGlobalSection
	GlobalSection(SolutionProperties) = preSolution
		HideSolutionNode = FALSE
	EndGlobalSection
	GlobalSection(ExtensibilityGlobals) = postSolution
		SolutionGuid = {A69FC192-36F4-4AAC-9AA2-EDCC4B424306}
	EndGlobalSection
EndGlobal
