
Microsoft Visual Studio Solution File, Format Version 12.00
# Visual Studio Version 16
VisualStudioVersion = 16.0.31313.79
MinimumVisualStudioVersion = 10.0.40219.1
Project("{FAE04EC0-301F-11D3-BF4B-00C04F79EFBC}") = "Webszolg", "Webszolg\Webszolg.csproj", "{F91A7ECF-1044-466E-8432-C0DEEA2D7D71}"
EndProject
Global
	GlobalSection(SolutionConfigurationPlatforms) = preSolution
		Debug|Any CPU = Debug|Any CPU
		Release|Any CPU = Release|Any CPU
	EndGlobalSection
	GlobalSection(ProjectConfigurationPlatforms) = postSolution
		{F91A7ECF-1044-466E-8432-C0DEEA2D7D71}.Debug|Any CPU.ActiveCfg = Debug|Any CPU
		{F91A7ECF-1044-466E-8432-C0DEEA2D7D71}.Debug|Any CPU.Build.0 = Debug|Any CPU
		{F91A7ECF-1044-466E-8432-C0DEEA2D7D71}.Release|Any CPU.ActiveCfg = Release|Any CPU
		{F91A7ECF-1044-466E-8432-C0DEEA2D7D71}.Release|Any CPU.Build.0 = Release|Any CPU
	EndGlobalSection
	GlobalSection(SolutionProperties) = preSolution
		HideSolutionNode = FALSE
	EndGlobalSection
	GlobalSection(ExtensibilityGlobals) = postSolution
		SolutionGuid = {42FC6A22-852E-469F-BB4E-7615CAC3C34C}
	EndGlobalSection
EndGlobal
